
Microsoft Visual Studio Solution File, Format Version 11.00
# Visual Studio 2010
Project("{FAE04EC0-301F-11D3-BF4B-00C04F79EFBC}") = "KataBowling", "KataBowling\KataBowling.csproj", "{78835BEB-D86D-4613-8D14-7ECF73D7631A}"
EndProject
Project("{FAE04EC0-301F-11D3-BF4B-00C04F79EFBC}") = "KateBowling.Test", "KateBowling.Test\KateBowling.Test.csproj", "{DB8D4875-5070-4334-9425-8050C8FF4938}"
EndProject
Global
	GlobalSection(SolutionConfigurationPlatforms) = preSolution
		Debug|Any CPU = Debug|Any CPU
		Debug|Mixed Platforms = Debug|Mixed Platforms
		Debug|x86 = Debug|x86
		Release|Any CPU = Release|Any CPU
		Release|Mixed Platforms = Release|Mixed Platforms
		Release|x86 = Release|x86
	EndGlobalSection
	GlobalSection(ProjectConfigurationPlatforms) = postSolution
		{78835BEB-D86D-4613-8D14-7ECF73D7631A}.Debug|Any CPU.ActiveCfg = Debug|Any CPU
		{78835BEB-D86D-4613-8D14-7ECF73D7631A}.Debug|Any CPU.Build.0 = Debug|Any CPU
		{78835BEB-D86D-4613-8D14-7ECF73D7631A}.Debug|Mixed Platforms.ActiveCfg = Debug|Any CPU
		{78835BEB-D86D-4613-8D14-7ECF73D7631A}.Debug|Mixed Platforms.Build.0 = Debug|Any CPU
		{78835BEB-D86D-4613-8D14-7ECF73D7631A}.Debug|x86.ActiveCfg = Debug|x86
		{78835BEB-D86D-4613-8D14-7ECF73D7631A}.Debug|x86.Build.0 = Debug|x86
		{78835BEB-D86D-4613-8D14-7ECF73D7631A}.Release|Any CPU.ActiveCfg = Release|Any CPU
		{78835BEB-D86D-4613-8D14-7ECF73D7631A}.Release|Any CPU.Build.0 = Release|Any CPU
		{78835BEB-D86D-4613-8D14-7ECF73D7631A}.Release|Mixed Platforms.ActiveCfg = Release|x86
		{78835BEB-D86D-4613-8D14-7ECF73D7631A}.Release|Mixed Platforms.Build.0 = Release|x86
		{78835BEB-D86D-4613-8D14-7ECF73D7631A}.Release|x86.ActiveCfg = Release|x86
		{78835BEB-D86D-4613-8D14-7ECF73D7631A}.Release|x86.Build.0 = Release|x86
		{DB8D4875-5070-4334-9425-8050C8FF4938}.Debug|Any CPU.ActiveCfg = Debug|Any CPU
		{DB8D4875-5070-4334-9425-8050C8FF4938}.Debug|Any CPU.Build.0 = Debug|Any CPU
		{DB8D4875-5070-4334-9425-8050C8FF4938}.Debug|Mixed Platforms.ActiveCfg = Debug|Any CPU
		{DB8D4875-5070-4334-9425-8050C8FF4938}.Debug|Mixed Platforms.Build.0 = Debug|Any CPU
		{DB8D4875-5070-4334-9425-8050C8FF4938}.Debug|x86.ActiveCfg = Debug|Any CPU
		{DB8D4875-5070-4334-9425-8050C8FF4938}.Release|Any CPU.ActiveCfg = Release|Any CPU
		{DB8D4875-5070-4334-9425-8050C8FF4938}.Release|Any CPU.Build.0 = Release|Any CPU
		{DB8D4875-5070-4334-9425-8050C8FF4938}.Release|Mixed Platforms.ActiveCfg = Release|Any CPU
		{DB8D4875-5070-4334-9425-8050C8FF4938}.Release|Mixed Platforms.Build.0 = Release|Any CPU
		{DB8D4875-5070-4334-9425-8050C8FF4938}.Release|x86.ActiveCfg = Release|Any CPU
	EndGlobalSection
	GlobalSection(SolutionProperties) = preSolution
		HideSolutionNode = FALSE
	EndGlobalSection
EndGlobal
